{
  "nodes": {
    "flake-compat": {
      "locked": {
        "lastModified": 1696426674,
        "narHash": "sha256-kvjfFW7WAETZlt09AgDn1MrtKzP7t90Vf7vypd3OL1U=",
        "ref": "refs/heads/master",
        "rev": "0f9255e01c2351cc7d116c072cb317785dd33b33",
        "revCount": 57,
        "type": "git",
        "url": "ssh://git@git.lix.systems/lix-project/flake-compat"
      },
      "original": {
        "type": "git",
        "url": "ssh://git@git.lix.systems/lix-project/flake-compat"
      }
    },
    "flake-utils": {
      "inputs": {
        "systems": "systems"
      },
      "locked": {
        "lastModified": 1709126324,
        "narHash": "sha256-q6EQdSeUZOG26WelxqkmR7kArjgWCdw5sfJVHPH/7j8=",
        "owner": "numtide",
        "repo": "flake-utils",
        "rev": "d465f4819400de7c8d874d50b982301f28a84605",
        "type": "github"
      },
      "original": {
        "owner": "numtide",
        "repo": "flake-utils",
        "type": "github"
      }
    },
    "flakey-profile": {
      "locked": {
        "lastModified": 1711325813,
        "narHash": "sha256-ygJR5VikyCfK0CUJHboOKJVr6s9HQ1RXcvFEFnv+KIk=",
        "owner": "lf-",
        "repo": "flakey-profile",
        "rev": "3b32c4a71f89b874fe0be2dc125eacb9c3473204",
        "type": "github"
      },
      "original": {
        "owner": "lf-",
        "repo": "flakey-profile",
        "type": "github"
      }
    },
    "lix": {
      "flake": false,
      "locked": {
        "lastModified": 1711376024,
        "narHash": "sha256-67Z1XnctvbYRvm1WaZC/cufnaxU2BUa4UWvirF5I8F8=",
        "ref": "refs/heads/main",
        "rev": "198b98ef0bf4fac5d3bf458c83d5a11d887bb8d8",
        "revCount": 15220,
        "type": "git",
        "url": "ssh://git@git.lix.systems/lix-project/lix"
      },
      "original": {
        "type": "git",
        "url": "ssh://git@git.lix.systems/lix-project/lix"
      }
    },
    "lix-module": {
      "inputs": {
        "flake-compat": "flake-compat",
        "flake-utils": "flake-utils",
        "flakey-profile": "flakey-profile",
        "lix": [
          "lix"
        ],
        "nixpkgs": [
          "nixpkgs"
        ]
      },
      "locked": {
        "lastModified": 1711341134,
        "narHash": "sha256-Z+LHqfevYXi6hyxGzMMHnfzsIR+iZMsda7DCoDxgzg4=",
        "ref": "refs/heads/main",
        "rev": "f8b5d0bc9caacdea9ef41ecf855ffd6c6c6e99ce",
        "revCount": 26,
        "type": "git",
        "url": "ssh://git@git.lix.systems/lix-project/nixos-module"
      },
      "original": {
        "type": "git",
        "url": "ssh://git@git.lix.systems/lix-project/nixos-module"
      }
    },
    "nixpkgs": {
      "locked": {
        "lastModified": 0,
        "narHash": "sha256-YN/Ciidm+A0fmJPWlHBGvVkcarYWSC+s3NTPk/P+q3c=",
        "path": "/nix/store/amxd2p02wx78nyaa4bkb0hjvgwhz1dq7-source",
        "type": "path"
      },
      "original": {
        "id": "nixpkgs",
        "type": "indirect"
      }
    },
    "root": {
      "inputs": {
        "lix": "lix",
        "lix-module": "lix-module",
        "nixpkgs": "nixpkgs"
      }
    },
    "systems": {
      "locked": {
        "lastModified": 1681028828,
        "narHash": "sha256-Vy1rq5AaRuLzOxct8nz4T6wlgyUR7zLU309k9mBC768=",
        "owner": "nix-systems",
        "repo": "default",
        "rev": "da67096a3b9bf56a91d16901293e51ba5b49a27e",
        "type": "github"
      },
      "original": {
        "owner": "nix-systems",
        "repo": "default",
        "type": "github"
      }
    }
  },
  "root": "root",
  "version": 7
}
